
Microsoft Visual Studio Solution File, Format Version 12.00
# Visual Studio Version 17
VisualStudioVersion = 17.3.32929.385
MinimumVisualStudioVersion = 10.0.40219.1
Project("{FAE04EC0-301F-11D3-BF4B-00C04F79EFBC}") = "MvcStok", "MvcStok\MvcStok.csproj", "{13FAB73E-B7B7-4465-B927-DD13B64A5E85}"
EndProject
Global
	GlobalSection(SolutionConfigurationPlatforms) = preSolution
		Debug|Any CPU = Debug|Any CPU
		Release|Any CPU = Release|Any CPU
	EndGlobalSection
	GlobalSection(ProjectConfigurationPlatforms) = postSolution
		{13FAB73E-B7B7-4465-B927-DD13B64A5E85}.Debug|Any CPU.ActiveCfg = Debug|Any CPU
		{13FAB73E-B7B7-4465-B927-DD13B64A5E85}.Debug|Any CPU.Build.0 = Debug|Any CPU
		{13FAB73E-B7B7-4465-B927-DD13B64A5E85}.Release|Any CPU.ActiveCfg = Release|Any CPU
		{13FAB73E-B7B7-4465-B927-DD13B64A5E85}.Release|Any CPU.Build.0 = Release|Any CPU
	EndGlobalSection
	GlobalSection(SolutionProperties) = preSolution
		HideSolutionNode = FALSE
	EndGlobalSection
	GlobalSection(ExtensibilityGlobals) = postSolution
		SolutionGuid = {E441C0B5-CCF6-4368-83E3-A1CD6A246B1A}
	EndGlobalSection
EndGlobal
